
Microsoft Visual Studio Solution File, Format Version 12.00
# Visual Studio Version 17
VisualStudioVersion = 17.1.32328.378
MinimumVisualStudioVersion = 10.0.40219.1
Project("{9A19103F-16F7-4668-BE54-9A1E7A4F7556}") = "AverageTemperatureApplication", "AverageTemperatureApplication\AverageTemperatureApplication.csproj", "{19D80783-0680-4265-AC95-80A08D7EB6C2}"
EndProject
Project("{9A19103F-16F7-4668-BE54-9A1E7A4F7556}") = "Models", "Models\Models.csproj", "{FBD83E11-3FB9-4DA7-B519-88EE826E48E4}"
EndProject
Project("{2150E333-8FDC-42A3-9474-1A3956D46DE8}") = "AverageTemperatureTests", "AverageTemperatureTests", "{990E8A7B-EB91-43B6-9680-AE931574652A}"
EndProject
Project("{9A19103F-16F7-4668-BE54-9A1E7A4F7556}") = "AverageTemperatureTests", "AverageTemperatureTests\AverageTemperatureTests.csproj", "{87ADC86A-805E-4832-8B7E-53F34431231D}"
EndProject
Project("{2150E333-8FDC-42A3-9474-1A3956D46DE8}") = "_Documentation", "_Documentation", "{A8AF7A13-B2C7-4F17-A0A6-A1FD479BB7BD}"
	ProjectSection(SolutionItems) = preProject
		E:\High_Level_Diagram.pdf = E:\High_Level_Diagram.pdf
		E:\High_Level_Diagram_Revised.pdf = E:\High_Level_Diagram_Revised.pdf
		NotesForConsideration.txt = NotesForConsideration.txt
	EndProjectSection
EndProject
Global
	GlobalSection(SolutionConfigurationPlatforms) = preSolution
		Debug|Any CPU = Debug|Any CPU
		Release|Any CPU = Release|Any CPU
	EndGlobalSection
	GlobalSection(ProjectConfigurationPlatforms) = postSolution
		{19D80783-0680-4265-AC95-80A08D7EB6C2}.Debug|Any CPU.ActiveCfg = Debug|Any CPU
		{19D80783-0680-4265-AC95-80A08D7EB6C2}.Debug|Any CPU.Build.0 = Debug|Any CPU
		{19D80783-0680-4265-AC95-80A08D7EB6C2}.Release|Any CPU.ActiveCfg = Release|Any CPU
		{19D80783-0680-4265-AC95-80A08D7EB6C2}.Release|Any CPU.Build.0 = Release|Any CPU
		{FBD83E11-3FB9-4DA7-B519-88EE826E48E4}.Debug|Any CPU.ActiveCfg = Debug|Any CPU
		{FBD83E11-3FB9-4DA7-B519-88EE826E48E4}.Debug|Any CPU.Build.0 = Debug|Any CPU
		{FBD83E11-3FB9-4DA7-B519-88EE826E48E4}.Release|Any CPU.ActiveCfg = Release|Any CPU
		{FBD83E11-3FB9-4DA7-B519-88EE826E48E4}.Release|Any CPU.Build.0 = Release|Any CPU
		{87ADC86A-805E-4832-8B7E-53F34431231D}.Debug|Any CPU.ActiveCfg = Debug|Any CPU
		{87ADC86A-805E-4832-8B7E-53F34431231D}.Debug|Any CPU.Build.0 = Debug|Any CPU
		{87ADC86A-805E-4832-8B7E-53F34431231D}.Release|Any CPU.ActiveCfg = Release|Any CPU
		{87ADC86A-805E-4832-8B7E-53F34431231D}.Release|Any CPU.Build.0 = Release|Any CPU
	EndGlobalSection
	GlobalSection(SolutionProperties) = preSolution
		HideSolutionNode = FALSE
	EndGlobalSection
	GlobalSection(NestedProjects) = preSolution
		{87ADC86A-805E-4832-8B7E-53F34431231D} = {990E8A7B-EB91-43B6-9680-AE931574652A}
	EndGlobalSection
	GlobalSection(ExtensibilityGlobals) = postSolution
		SolutionGuid = {2D70F9CC-0FBE-4870-8F2E-EAF9632D23FF}
	EndGlobalSection
EndGlobal
